
Microsoft Visual Studio Solution File, Format Version 11.00
# Visual Studio 2010
Project("{FAE04EC0-301F-11D3-BF4B-00C04F79EFBC}") = "TemplateFramework", "TemplateFramework\TemplateFramework.csproj", "{E42409B5-15C2-43B9-BC94-FD2B16F04165}"
	ProjectSection(ProjectDependencies) = postProject
		{2896BD9C-9CDB-4A49-B5CC-27CDB9003681} = {2896BD9C-9CDB-4A49-B5CC-27CDB9003681}
	EndProjectSection
EndProject
Project("{FAE04EC0-301F-11D3-BF4B-00C04F79EFBC}") = "DataPipeline", "DataPipeline\DataPipeline.csproj", "{2896BD9C-9CDB-4A49-B5CC-27CDB9003681}"
	ProjectSection(ProjectDependencies) = postProject
		{02033EE1-02E8-41DF-9282-96D919E7233F} = {02033EE1-02E8-41DF-9282-96D919E7233F}
	EndProjectSection
EndProject
Project("{2150E333-8FDC-42A3-9474-1A3956D46DE8}") = "Tests", "Tests", "{C8C3F54F-5A87-4A4F-BD28-EE2663F1FABE}"
EndProject
Project("{FAE04EC0-301F-11D3-BF4B-00C04F79EFBC}") = "OpenSocial.EL", "OpenSocial.EL\OpenSocial.EL.csproj", "{02033EE1-02E8-41DF-9282-96D919E7233F}"
EndProject
Project("{FAE04EC0-301F-11D3-BF4B-00C04F79EFBC}") = "OpenSocial.DataContracts", "OpenSocial.DataContracts\OpenSocial.DataContracts.csproj", "{7AE04B79-C9D4-45D3-8641-BFF32348F73E}"
EndProject
Project("{FAE04EC0-301F-11D3-BF4B-00C04F79EFBC}") = "OpenSocial", "OpenSocial\OpenSocial.csproj", "{CFBF88AF-F921-4751-BBBF-F65A99C9103D}"
	ProjectSection(ProjectDependencies) = postProject
		{2896BD9C-9CDB-4A49-B5CC-27CDB9003681} = {2896BD9C-9CDB-4A49-B5CC-27CDB9003681}
		{E42409B5-15C2-43B9-BC94-FD2B16F04165} = {E42409B5-15C2-43B9-BC94-FD2B16F04165}
	EndProjectSection
EndProject
Project("{FAE04EC0-301F-11D3-BF4B-00C04F79EFBC}") = "TemplateFramework.Tests", "Tests\TemplateFramework.Tests\TemplateFramework.Tests.csproj", "{BE141CAC-875E-4F5F-8073-4E7BC87E0B7C}"
EndProject
Project("{FAE04EC0-301F-11D3-BF4B-00C04F79EFBC}") = "DataPipeline.Tests", "Tests\DataPipeline.Tests\DataPipeline.Tests.csproj", "{402BD1A2-7394-4778-A235-724684592758}"
EndProject
Global
	GlobalSection(SolutionConfigurationPlatforms) = preSolution
		Debug|Any CPU = Debug|Any CPU
		Debug|IMPersistence = Debug|IMPersistence
		Debug|x64 = Debug|x64
		Debug|x86 = Debug|x86
		Deploy|Any CPU = Deploy|Any CPU
		Deploy|IMPersistence = Deploy|IMPersistence
		Deploy|x64 = Deploy|x64
		Deploy|x86 = Deploy|x86
		Release|Any CPU = Release|Any CPU
		Release|IMPersistence = Release|IMPersistence
		Release|x64 = Release|x64
		Release|x86 = Release|x86
	EndGlobalSection
	GlobalSection(ProjectConfigurationPlatforms) = postSolution
		{E42409B5-15C2-43B9-BC94-FD2B16F04165}.Debug|Any CPU.ActiveCfg = Debug|Any CPU
		{E42409B5-15C2-43B9-BC94-FD2B16F04165}.Debug|Any CPU.Build.0 = Debug|Any CPU
		{E42409B5-15C2-43B9-BC94-FD2B16F04165}.Debug|IMPersistence.ActiveCfg = Debug|Any CPU
		{E42409B5-15C2-43B9-BC94-FD2B16F04165}.Debug|x64.ActiveCfg = Debug|Any CPU
		{E42409B5-15C2-43B9-BC94-FD2B16F04165}.Debug|x86.ActiveCfg = Debug|Any CPU
		{E42409B5-15C2-43B9-BC94-FD2B16F04165}.Deploy|Any CPU.ActiveCfg = Debug|Any CPU
		{E42409B5-15C2-43B9-BC94-FD2B16F04165}.Deploy|Any CPU.Build.0 = Debug|Any CPU
		{E42409B5-15C2-43B9-BC94-FD2B16F04165}.Deploy|IMPersistence.ActiveCfg = Debug|Any CPU
		{E42409B5-15C2-43B9-BC94-FD2B16F04165}.Deploy|x64.ActiveCfg = Debug|Any CPU
		{E42409B5-15C2-43B9-BC94-FD2B16F04165}.Deploy|x86.ActiveCfg = Debug|Any CPU
		{E42409B5-15C2-43B9-BC94-FD2B16F04165}.Release|Any CPU.ActiveCfg = Release|Any CPU
		{E42409B5-15C2-43B9-BC94-FD2B16F04165}.Release|Any CPU.Build.0 = Release|Any CPU
		{E42409B5-15C2-43B9-BC94-FD2B16F04165}.Release|IMPersistence.ActiveCfg = Release|Any CPU
		{E42409B5-15C2-43B9-BC94-FD2B16F04165}.Release|x64.ActiveCfg = Release|Any CPU
		{E42409B5-15C2-43B9-BC94-FD2B16F04165}.Release|x86.ActiveCfg = Release|Any CPU
		{2896BD9C-9CDB-4A49-B5CC-27CDB9003681}.Debug|Any CPU.ActiveCfg = Debug|Any CPU
		{2896BD9C-9CDB-4A49-B5CC-27CDB9003681}.Debug|Any CPU.Build.0 = Debug|Any CPU
		{2896BD9C-9CDB-4A49-B5CC-27CDB9003681}.Debug|IMPersistence.ActiveCfg = Debug|Any CPU
		{2896BD9C-9CDB-4A49-B5CC-27CDB9003681}.Debug|x64.ActiveCfg = Debug|Any CPU
		{2896BD9C-9CDB-4A49-B5CC-27CDB9003681}.Debug|x86.ActiveCfg = Debug|Any CPU
		{2896BD9C-9CDB-4A49-B5CC-27CDB9003681}.Deploy|Any CPU.ActiveCfg = Debug|Any CPU
		{2896BD9C-9CDB-4A49-B5CC-27CDB9003681}.Deploy|Any CPU.Build.0 = Debug|Any CPU
		{2896BD9C-9CDB-4A49-B5CC-27CDB9003681}.Deploy|IMPersistence.ActiveCfg = Debug|Any CPU
		{2896BD9C-9CDB-4A49-B5CC-27CDB9003681}.Deploy|x64.ActiveCfg = Debug|Any CPU
		{2896BD9C-9CDB-4A49-B5CC-27CDB9003681}.Deploy|x86.ActiveCfg = Debug|Any CPU
		{2896BD9C-9CDB-4A49-B5CC-27CDB9003681}.Release|Any CPU.ActiveCfg = Release|Any CPU
		{2896BD9C-9CDB-4A49-B5CC-27CDB9003681}.Release|Any CPU.Build.0 = Release|Any CPU
		{2896BD9C-9CDB-4A49-B5CC-27CDB9003681}.Release|IMPersistence.ActiveCfg = Release|Any CPU
		{2896BD9C-9CDB-4A49-B5CC-27CDB9003681}.Release|x64.ActiveCfg = Release|Any CPU
		{2896BD9C-9CDB-4A49-B5CC-27CDB9003681}.Release|x86.ActiveCfg = Release|Any CPU
		{02033EE1-02E8-41DF-9282-96D919E7233F}.Debug|Any CPU.ActiveCfg = Debug|Any CPU
		{02033EE1-02E8-41DF-9282-96D919E7233F}.Debug|Any CPU.Build.0 = Debug|Any CPU
		{02033EE1-02E8-41DF-9282-96D919E7233F}.Debug|IMPersistence.ActiveCfg = Debug|Any CPU
		{02033EE1-02E8-41DF-9282-96D919E7233F}.Debug|x64.ActiveCfg = Debug|Any CPU
		{02033EE1-02E8-41DF-9282-96D919E7233F}.Debug|x86.ActiveCfg = Debug|Any CPU
		{02033EE1-02E8-41DF-9282-96D919E7233F}.Deploy|Any CPU.ActiveCfg = Debug|Any CPU
		{02033EE1-02E8-41DF-9282-96D919E7233F}.Deploy|Any CPU.Build.0 = Debug|Any CPU
		{02033EE1-02E8-41DF-9282-96D919E7233F}.Deploy|IMPersistence.ActiveCfg = Debug|Any CPU
		{02033EE1-02E8-41DF-9282-96D919E7233F}.Deploy|x64.ActiveCfg = Debug|Any CPU
		{02033EE1-02E8-41DF-9282-96D919E7233F}.Deploy|x86.ActiveCfg = Debug|Any CPU
		{02033EE1-02E8-41DF-9282-96D919E7233F}.Release|Any CPU.ActiveCfg = Release|Any CPU
		{02033EE1-02E8-41DF-9282-96D919E7233F}.Release|Any CPU.Build.0 = Release|Any CPU
		{02033EE1-02E8-41DF-9282-96D919E7233F}.Release|IMPersistence.ActiveCfg = Release|Any CPU
		{02033EE1-02E8-41DF-9282-96D919E7233F}.Release|x64.ActiveCfg = Release|Any CPU
		{02033EE1-02E8-41DF-9282-96D919E7233F}.Release|x86.ActiveCfg = Release|Any CPU
		{7AE04B79-C9D4-45D3-8641-BFF32348F73E}.Debug|Any CPU.ActiveCfg = Debug|Any CPU
		{7AE04B79-C9D4-45D3-8641-BFF32348F73E}.Debug|Any CPU.Build.0 = Debug|Any CPU
		{7AE04B79-C9D4-45D3-8641-BFF32348F73E}.Debug|IMPersistence.ActiveCfg = Debug|Any CPU
		{7AE04B79-C9D4-45D3-8641-BFF32348F73E}.Debug|x64.ActiveCfg = Debug|Any CPU
		{7AE04B79-C9D4-45D3-8641-BFF32348F73E}.Debug|x86.ActiveCfg = Debug|Any CPU
		{7AE04B79-C9D4-45D3-8641-BFF32348F73E}.Deploy|Any CPU.ActiveCfg = Debug|Any CPU
		{7AE04B79-C9D4-45D3-8641-BFF32348F73E}.Deploy|Any CPU.Build.0 = Debug|Any CPU
		{7AE04B79-C9D4-45D3-8641-BFF32348F73E}.Deploy|IMPersistence.ActiveCfg = Debug|Any CPU
		{7AE04B79-C9D4-45D3-8641-BFF32348F73E}.Deploy|x64.ActiveCfg = Debug|Any CPU
		{7AE04B79-C9D4-45D3-8641-BFF32348F73E}.Deploy|x86.ActiveCfg = Debug|Any CPU
		{7AE04B79-C9D4-45D3-8641-BFF32348F73E}.Release|Any CPU.ActiveCfg = Release|Any CPU
		{7AE04B79-C9D4-45D3-8641-BFF32348F73E}.Release|Any CPU.Build.0 = Release|Any CPU
		{7AE04B79-C9D4-45D3-8641-BFF32348F73E}.Release|IMPersistence.ActiveCfg = Release|Any CPU
		{7AE04B79-C9D4-45D3-8641-BFF32348F73E}.Release|x64.ActiveCfg = Release|Any CPU
		{7AE04B79-C9D4-45D3-8641-BFF32348F73E}.Release|x86.ActiveCfg = Release|Any CPU
		{CFBF88AF-F921-4751-BBBF-F65A99C9103D}.Debug|Any CPU.ActiveCfg = Debug|Any CPU
		{CFBF88AF-F921-4751-BBBF-F65A99C9103D}.Debug|Any CPU.Build.0 = Debug|Any CPU
		{CFBF88AF-F921-4751-BBBF-F65A99C9103D}.Debug|IMPersistence.ActiveCfg = Debug|Any CPU
		{CFBF88AF-F921-4751-BBBF-F65A99C9103D}.Debug|x64.ActiveCfg = Debug|Any CPU
		{CFBF88AF-F921-4751-BBBF-F65A99C9103D}.Debug|x86.ActiveCfg = Debug|Any CPU
		{CFBF88AF-F921-4751-BBBF-F65A99C9103D}.Deploy|Any CPU.ActiveCfg = Debug|Any CPU
		{CFBF88AF-F921-4751-BBBF-F65A99C9103D}.Deploy|Any CPU.Build.0 = Debug|Any CPU
		{CFBF88AF-F921-4751-BBBF-F65A99C9103D}.Deploy|IMPersistence.ActiveCfg = Debug|Any CPU
		{CFBF88AF-F921-4751-BBBF-F65A99C9103D}.Deploy|x64.ActiveCfg = Debug|Any CPU
		{CFBF88AF-F921-4751-BBBF-F65A99C9103D}.Deploy|x86.ActiveCfg = Debug|Any CPU
		{CFBF88AF-F921-4751-BBBF-F65A99C9103D}.Release|Any CPU.ActiveCfg = Release|Any CPU
		{CFBF88AF-F921-4751-BBBF-F65A99C9103D}.Release|Any CPU.Build.0 = Release|Any CPU
		{CFBF88AF-F921-4751-BBBF-F65A99C9103D}.Release|IMPersistence.ActiveCfg = Release|Any CPU
		{CFBF88AF-F921-4751-BBBF-F65A99C9103D}.Release|x64.ActiveCfg = Release|Any CPU
		{CFBF88AF-F921-4751-BBBF-F65A99C9103D}.Release|x86.ActiveCfg = Release|Any CPU
		{BE141CAC-875E-4F5F-8073-4E7BC87E0B7C}.Debug|Any CPU.ActiveCfg = Debug|Any CPU
		{BE141CAC-875E-4F5F-8073-4E7BC87E0B7C}.Debug|Any CPU.Build.0 = Debug|Any CPU
		{BE141CAC-875E-4F5F-8073-4E7BC87E0B7C}.Debug|IMPersistence.ActiveCfg = Debug|Any CPU
		{BE141CAC-875E-4F5F-8073-4E7BC87E0B7C}.Debug|x64.ActiveCfg = Debug|Any CPU
		{BE141CAC-875E-4F5F-8073-4E7BC87E0B7C}.Debug|x86.ActiveCfg = Debug|Any CPU
		{BE141CAC-875E-4F5F-8073-4E7BC87E0B7C}.Deploy|Any CPU.ActiveCfg = Debug|Any CPU
		{BE141CAC-875E-4F5F-8073-4E7BC87E0B7C}.Deploy|Any CPU.Build.0 = Debug|Any CPU
		{BE141CAC-875E-4F5F-8073-4E7BC87E0B7C}.Deploy|IMPersistence.ActiveCfg = Debug|Any CPU
		{BE141CAC-875E-4F5F-8073-4E7BC87E0B7C}.Deploy|x64.ActiveCfg = Debug|Any CPU
		{BE141CAC-875E-4F5F-8073-4E7BC87E0B7C}.Deploy|x86.ActiveCfg = Debug|Any CPU
		{BE141CAC-875E-4F5F-8073-4E7BC87E0B7C}.Release|Any CPU.ActiveCfg = Release|Any CPU
		{BE141CAC-875E-4F5F-8073-4E7BC87E0B7C}.Release|Any CPU.Build.0 = Release|Any CPU
		{BE141CAC-875E-4F5F-8073-4E7BC87E0B7C}.Release|IMPersistence.ActiveCfg = Release|Any CPU
		{BE141CAC-875E-4F5F-8073-4E7BC87E0B7C}.Release|x64.ActiveCfg = Release|Any CPU
		{BE141CAC-875E-4F5F-8073-4E7BC87E0B7C}.Release|x86.ActiveCfg = Release|Any CPU
		{402BD1A2-7394-4778-A235-724684592758}.Debug|Any CPU.ActiveCfg = Debug|Any CPU
		{402BD1A2-7394-4778-A235-724684592758}.Debug|Any CPU.Build.0 = Debug|Any CPU
		{402BD1A2-7394-4778-A235-724684592758}.Debug|IMPersistence.ActiveCfg = Debug|Any CPU
		{402BD1A2-7394-4778-A235-724684592758}.Debug|x64.ActiveCfg = Debug|Any CPU
		{402BD1A2-7394-4778-A235-724684592758}.Debug|x86.ActiveCfg = Debug|Any CPU
		{402BD1A2-7394-4778-A235-724684592758}.Deploy|Any CPU.ActiveCfg = Debug|Any CPU
		{402BD1A2-7394-4778-A235-724684592758}.Deploy|Any CPU.Build.0 = Debug|Any CPU
		{402BD1A2-7394-4778-A235-724684592758}.Deploy|IMPersistence.ActiveCfg = Debug|Any CPU
		{402BD1A2-7394-4778-A235-724684592758}.Deploy|x64.ActiveCfg = Debug|Any CPU
		{402BD1A2-7394-4778-A235-724684592758}.Deploy|x86.ActiveCfg = Debug|Any CPU
		{402BD1A2-7394-4778-A235-724684592758}.Release|Any CPU.ActiveCfg = Release|Any CPU
		{402BD1A2-7394-4778-A235-724684592758}.Release|Any CPU.Build.0 = Release|Any CPU
		{402BD1A2-7394-4778-A235-724684592758}.Release|IMPersistence.ActiveCfg = Release|Any CPU
		{402BD1A2-7394-4778-A235-724684592758}.Release|x64.ActiveCfg = Release|Any CPU
		{402BD1A2-7394-4778-A235-724684592758}.Release|x86.ActiveCfg = Release|Any CPU
	EndGlobalSection
	GlobalSection(SolutionProperties) = preSolution
		HideSolutionNode = FALSE
	EndGlobalSection
	GlobalSection(NestedProjects) = preSolution
		{BE141CAC-875E-4F5F-8073-4E7BC87E0B7C} = {C8C3F54F-5A87-4A4F-BD28-EE2663F1FABE}
		{402BD1A2-7394-4778-A235-724684592758} = {C8C3F54F-5A87-4A4F-BD28-EE2663F1FABE}
	EndGlobalSection
EndGlobal
